<?xml version="1.0" encoding="utf-8"?>
<Project ToolsVersion="4.0" xmlns="http://schemas.microsoft.com/developer/msbuild/2003">
  <ItemGroup>
    <Filter Include="Source Files">
      <UniqueIdentifier>{4FC737F1-C7A5-4376-A066-2A32D752A2FF}</UniqueIdentifier>
      <Extensions>cpp;c;cc;cxx;c++;cppm;ixx;def;odl;idl;hpj;bat;asm;asmx</Extensions>
    </Filter>
    <Filter Include="Header Files">
      <UniqueIdentifier>{93995380-89BD-4b04-88EB-625FBE52EBFB}</UniqueIdentifier>
      <Extensions>h;hh;hpp;hxx;h++;hm;inl;inc;ipp;xsd</Extensions>
    </Filter>
    <Filter Include="Resource Files">
      <UniqueIdentifier>{67DA6AB6-F800-4c08-8B7A-83BB121AAD01}</UniqueIdentifier>
      <Extensions>rc;ico;cur;bmp;dlg;rc2;rct;bin;rgs;gif;jpg;jpeg;jpe;resx;tiff;tif;png;wav;mfcribbon-ms</Extensions>
    </Filter>
    <Filter Include="Source Files\asset">
      <UniqueIdentifier>{4b74b89b-cd34-4132-83af-74ec0d0630e4}</UniqueIdentifier>
    </Filter>
  </ItemGroup>
  <ItemGroup>
    <ClCompile Include="main.cpp">
      <Filter>Source Files</Filter>
    </ClCompile>
    <ClCompile Include="Gamefile.cpp">
      <Filter>Source Files</Filter>
    </ClCompile>
    <ClCompile Include="TextureManager.cpp">
      <Filter>Source Files</Filter>
    </ClCompile>
    <ClCompile Include="G_objectcpp.cpp">
      <Filter>Source Files</Filter>
    </ClCompile>
    <ClCompile Include="Map.cpp">
      <Filter>Source Files</Filter>
    </ClCompile>
  </ItemGroup>
  <ItemGroup>
    <ClInclude Include="Gamefile.h">
      <Filter>Source Files</Filter>
    </ClInclude>
    <ClInclude Include="TextureManager.h">
      <Filter>Source Files</Filter>
    </ClInclude>
    <ClInclude Include="Object.h">
      <Filter>Header Files</Filter>
    </ClInclude>
    <ClInclude Include="G_object.h">
      <Filter>Source Files</Filter>
    </ClInclude>
    <ClInclude Include="Map.h">
      <Filter>Source Files</Filter>
    </ClInclude>
    <ClInclude Include="ESC.h">
      <Filter>Source Files</Filter>
    </ClInclude>
    <ClInclude Include="Components.h">
      <Filter>Source Files</Filter>
    </ClInclude>
  </ItemGroup>
  <ItemGroup>
    <None Include="zlib1.dll">
      <Filter>Source Files</Filter>
    </None>
    <None Include="SDL2.dll">
      <Filter>Source Files</Filter>
    </None>
    <None Include="SDL2_image.dll">
      <Filter>Source Files</Filter>
    </None>
    <None Include="libpng16-16.dll">
      <Filter>Source Files</Filter>
    </None>
  </ItemGroup>
  <ItemGroup>
    <Image Include="..\..\..\Download\batmodel.png">
      <Filter>Source Files\asset</Filter>
    </Image>
    <Image Include="asset\grass.png">
      <Filter>Source Files\asset</Filter>
    </Image>
    <Image Include="asset\water.png">
      <Filter>Source Files\asset</Filter>
    </Image>
    <Image Include="asset\dirt.png">
      <Filter>Source Files\asset</Filter>
    </Image>
  </ItemGroup>
</Project>